{
  "requires": true,
  "lockfileVersion": 1,
  "dependencies": {
    "arraybuffer-to-string": {
      "version": "1.0.2",
      "resolved": "https://registry.npmjs.org/arraybuffer-to-string/-/arraybuffer-to-string-1.0.2.tgz",
      "integrity": "sha512-WbIYlLVmvIAyUBdQRRuyGOJRriOQy9OAsWcyURmsRQp9+g647hdMSS2VFKXbJLVw0daUu06hqwLXm9etVrXI9A=="
    },
    "dgram": {
      "version": "1.0.1",
      "resolved": "https://registry.npmjs.org/dgram/-/dgram-1.0.1.tgz",
      "integrity": "sha1-N/OyAPgDOl/3WTAwicgc42G2UcM="
    }
  }
}
